
Microsoft Visual Studio Solution File, Format Version 12.00
Project("{FAE04EC0-301F-11D3-BF4B-00C04F79EFBC}") = "FactoryMethod", "FactoryMethod\FactoryMethod.csproj", "{63BF2029-75C0-451C-8FD8-D94E7ADE589D}"
EndProject
Project("{FAE04EC0-301F-11D3-BF4B-00C04F79EFBC}") = "AbstractFactory", "AbstractFactory\AbstractFactory.csproj", "{0E3D3D9A-D03D-4F49-8A3B-5823EC8F77CA}"
EndProject
Project("{2150E333-8FDC-42A3-9474-1A3956D46DE8}") = "Creational", "Creational", "{7F99D3EC-F473-476C-B6D0-76DF9D5B071A}"
EndProject
Project("{FAE04EC0-301F-11D3-BF4B-00C04F79EFBC}") = "Builder", "Builder\Builder.csproj", "{05C2C27E-5097-49BD-A6F1-2ED881D09575}"
EndProject
Project("{FAE04EC0-301F-11D3-BF4B-00C04F79EFBC}") = "FluentBuilder", "FluentBuilder\FluentBuilder.csproj", "{DE895E3B-082D-4956-99C5-A0B9E4509D91}"
EndProject
Project("{FAE04EC0-301F-11D3-BF4B-00C04F79EFBC}") = "Prototype", "Prototype\Prototype.csproj", "{24B4C9E1-C844-40B9-9EB2-71B83E35CAE2}"
EndProject
Project("{FAE04EC0-301F-11D3-BF4B-00C04F79EFBC}") = "Singleton", "Singleton\Singleton.csproj", "{7332D52D-BF3A-4373-AE99-576F083BCF88}"
EndProject
Project("{2150E333-8FDC-42A3-9474-1A3956D46DE8}") = "Structural", "Structural", "{47A81BC0-E528-4844-A3E5-463E2C06E3E3}"
EndProject
Project("{2150E333-8FDC-42A3-9474-1A3956D46DE8}") = "Behaviour", "Behaviour", "{7FC15E80-DF35-48BD-8DB5-C2BE882A9F0A}"
EndProject
Project("{FAE04EC0-301F-11D3-BF4B-00C04F79EFBC}") = "Observer", "Observer\Observer.csproj", "{6B51ACAB-FE6D-4FBF-8FC9-1C0443F3740D}"
EndProject
Global
	GlobalSection(SolutionConfigurationPlatforms) = preSolution
		Debug|Any CPU = Debug|Any CPU
		Release|Any CPU = Release|Any CPU
	EndGlobalSection
	GlobalSection(ProjectConfigurationPlatforms) = postSolution
		{63BF2029-75C0-451C-8FD8-D94E7ADE589D}.Debug|Any CPU.ActiveCfg = Debug|Any CPU
		{63BF2029-75C0-451C-8FD8-D94E7ADE589D}.Debug|Any CPU.Build.0 = Debug|Any CPU
		{63BF2029-75C0-451C-8FD8-D94E7ADE589D}.Release|Any CPU.ActiveCfg = Release|Any CPU
		{63BF2029-75C0-451C-8FD8-D94E7ADE589D}.Release|Any CPU.Build.0 = Release|Any CPU
		{0E3D3D9A-D03D-4F49-8A3B-5823EC8F77CA}.Debug|Any CPU.ActiveCfg = Debug|Any CPU
		{0E3D3D9A-D03D-4F49-8A3B-5823EC8F77CA}.Debug|Any CPU.Build.0 = Debug|Any CPU
		{0E3D3D9A-D03D-4F49-8A3B-5823EC8F77CA}.Release|Any CPU.ActiveCfg = Release|Any CPU
		{0E3D3D9A-D03D-4F49-8A3B-5823EC8F77CA}.Release|Any CPU.Build.0 = Release|Any CPU
		{05C2C27E-5097-49BD-A6F1-2ED881D09575}.Debug|Any CPU.ActiveCfg = Debug|Any CPU
		{05C2C27E-5097-49BD-A6F1-2ED881D09575}.Debug|Any CPU.Build.0 = Debug|Any CPU
		{05C2C27E-5097-49BD-A6F1-2ED881D09575}.Release|Any CPU.ActiveCfg = Release|Any CPU
		{05C2C27E-5097-49BD-A6F1-2ED881D09575}.Release|Any CPU.Build.0 = Release|Any CPU
		{DE895E3B-082D-4956-99C5-A0B9E4509D91}.Debug|Any CPU.ActiveCfg = Debug|Any CPU
		{DE895E3B-082D-4956-99C5-A0B9E4509D91}.Debug|Any CPU.Build.0 = Debug|Any CPU
		{DE895E3B-082D-4956-99C5-A0B9E4509D91}.Release|Any CPU.ActiveCfg = Release|Any CPU
		{DE895E3B-082D-4956-99C5-A0B9E4509D91}.Release|Any CPU.Build.0 = Release|Any CPU
		{24B4C9E1-C844-40B9-9EB2-71B83E35CAE2}.Debug|Any CPU.ActiveCfg = Debug|Any CPU
		{24B4C9E1-C844-40B9-9EB2-71B83E35CAE2}.Debug|Any CPU.Build.0 = Debug|Any CPU
		{24B4C9E1-C844-40B9-9EB2-71B83E35CAE2}.Release|Any CPU.ActiveCfg = Release|Any CPU
		{24B4C9E1-C844-40B9-9EB2-71B83E35CAE2}.Release|Any CPU.Build.0 = Release|Any CPU
		{7332D52D-BF3A-4373-AE99-576F083BCF88}.Debug|Any CPU.ActiveCfg = Debug|Any CPU
		{7332D52D-BF3A-4373-AE99-576F083BCF88}.Debug|Any CPU.Build.0 = Debug|Any CPU
		{7332D52D-BF3A-4373-AE99-576F083BCF88}.Release|Any CPU.ActiveCfg = Release|Any CPU
		{7332D52D-BF3A-4373-AE99-576F083BCF88}.Release|Any CPU.Build.0 = Release|Any CPU
		{6B51ACAB-FE6D-4FBF-8FC9-1C0443F3740D}.Debug|Any CPU.ActiveCfg = Debug|Any CPU
		{6B51ACAB-FE6D-4FBF-8FC9-1C0443F3740D}.Debug|Any CPU.Build.0 = Debug|Any CPU
		{6B51ACAB-FE6D-4FBF-8FC9-1C0443F3740D}.Release|Any CPU.ActiveCfg = Release|Any CPU
		{6B51ACAB-FE6D-4FBF-8FC9-1C0443F3740D}.Release|Any CPU.Build.0 = Release|Any CPU
	EndGlobalSection
	GlobalSection(NestedProjects) = preSolution
		{0E3D3D9A-D03D-4F49-8A3B-5823EC8F77CA} = {7F99D3EC-F473-476C-B6D0-76DF9D5B071A}
		{63BF2029-75C0-451C-8FD8-D94E7ADE589D} = {7F99D3EC-F473-476C-B6D0-76DF9D5B071A}
		{05C2C27E-5097-49BD-A6F1-2ED881D09575} = {7F99D3EC-F473-476C-B6D0-76DF9D5B071A}
		{DE895E3B-082D-4956-99C5-A0B9E4509D91} = {7F99D3EC-F473-476C-B6D0-76DF9D5B071A}
		{24B4C9E1-C844-40B9-9EB2-71B83E35CAE2} = {7F99D3EC-F473-476C-B6D0-76DF9D5B071A}
		{7332D52D-BF3A-4373-AE99-576F083BCF88} = {7F99D3EC-F473-476C-B6D0-76DF9D5B071A}
		{6B51ACAB-FE6D-4FBF-8FC9-1C0443F3740D} = {7FC15E80-DF35-48BD-8DB5-C2BE882A9F0A}
	EndGlobalSection
EndGlobal
